
Microsoft Visual Studio Solution File, Format Version 12.00
# Visual Studio 15
VisualStudioVersion = 15.0.28010.2046
MinimumVisualStudioVersion = 10.0.40219.1
Project("{8BC9CEB8-8B4A-11D0-8D11-00A0C91BC942}") = "first_addon", "first_addon\first_addon.vcxproj", "{52D52B90-831D-4542-871F-501A5A56F957}"
EndProject
Project("{8BC9CEB8-8B4A-11D0-8D11-00A0C91BC942}") = "func_with_arg", "func_with_arg\func_with_arg.vcxproj", "{C8CEF0FC-F96A-47E8-B244-41DA026DBD60}"
EndProject
Project("{8BC9CEB8-8B4A-11D0-8D11-00A0C91BC942}") = "callback", "callback\callback.vcxproj", "{66FC7951-A28E-4569-AC3C-AAC55DF3D9F9}"
EndProject
Project("{8BC9CEB8-8B4A-11D0-8D11-00A0C91BC942}") = "object_factory", "object_factory\object_factory.vcxproj", "{DA53B107-4D5E-4FE3-8D3B-CCC7F89D64C5}"
EndProject
Project("{8BC9CEB8-8B4A-11D0-8D11-00A0C91BC942}") = "function_factory", "function_factory\function_factory.vcxproj", "{EF487447-FCDF-45BB-8149-69F9D8143782}"
EndProject
Global
	GlobalSection(SolutionConfigurationPlatforms) = preSolution
		Debug|x64 = Debug|x64
		Debug|x86 = Debug|x86
		Release|x64 = Release|x64
		Release|x86 = Release|x86
	EndGlobalSection
	GlobalSection(ProjectConfigurationPlatforms) = postSolution
		{52D52B90-831D-4542-871F-501A5A56F957}.Debug|x64.ActiveCfg = Debug|x64
		{52D52B90-831D-4542-871F-501A5A56F957}.Debug|x64.Build.0 = Debug|x64
		{52D52B90-831D-4542-871F-501A5A56F957}.Debug|x86.ActiveCfg = Debug|Win32
		{52D52B90-831D-4542-871F-501A5A56F957}.Debug|x86.Build.0 = Debug|Win32
		{52D52B90-831D-4542-871F-501A5A56F957}.Release|x64.ActiveCfg = Debug|x64
		{52D52B90-831D-4542-871F-501A5A56F957}.Release|x64.Build.0 = Debug|x64
		{52D52B90-831D-4542-871F-501A5A56F957}.Release|x86.ActiveCfg = Debug|Win32
		{52D52B90-831D-4542-871F-501A5A56F957}.Release|x86.Build.0 = Debug|Win32
		{C8CEF0FC-F96A-47E8-B244-41DA026DBD60}.Debug|x64.ActiveCfg = Debug|x64
		{C8CEF0FC-F96A-47E8-B244-41DA026DBD60}.Debug|x64.Build.0 = Debug|x64
		{C8CEF0FC-F96A-47E8-B244-41DA026DBD60}.Debug|x86.ActiveCfg = Debug|Win32
		{C8CEF0FC-F96A-47E8-B244-41DA026DBD60}.Debug|x86.Build.0 = Debug|Win32
		{C8CEF0FC-F96A-47E8-B244-41DA026DBD60}.Release|x64.ActiveCfg = Release|x64
		{C8CEF0FC-F96A-47E8-B244-41DA026DBD60}.Release|x64.Build.0 = Release|x64
		{C8CEF0FC-F96A-47E8-B244-41DA026DBD60}.Release|x86.ActiveCfg = Release|Win32
		{C8CEF0FC-F96A-47E8-B244-41DA026DBD60}.Release|x86.Build.0 = Release|Win32
		{66FC7951-A28E-4569-AC3C-AAC55DF3D9F9}.Debug|x64.ActiveCfg = Debug|x64
		{66FC7951-A28E-4569-AC3C-AAC55DF3D9F9}.Debug|x64.Build.0 = Debug|x64
		{66FC7951-A28E-4569-AC3C-AAC55DF3D9F9}.Debug|x86.ActiveCfg = Debug|Win32
		{66FC7951-A28E-4569-AC3C-AAC55DF3D9F9}.Debug|x86.Build.0 = Debug|Win32
		{66FC7951-A28E-4569-AC3C-AAC55DF3D9F9}.Release|x64.ActiveCfg = Release|x64
		{66FC7951-A28E-4569-AC3C-AAC55DF3D9F9}.Release|x64.Build.0 = Release|x64
		{66FC7951-A28E-4569-AC3C-AAC55DF3D9F9}.Release|x86.ActiveCfg = Release|Win32
		{66FC7951-A28E-4569-AC3C-AAC55DF3D9F9}.Release|x86.Build.0 = Release|Win32
		{DA53B107-4D5E-4FE3-8D3B-CCC7F89D64C5}.Debug|x64.ActiveCfg = Debug|x64
		{DA53B107-4D5E-4FE3-8D3B-CCC7F89D64C5}.Debug|x64.Build.0 = Debug|x64
		{DA53B107-4D5E-4FE3-8D3B-CCC7F89D64C5}.Debug|x86.ActiveCfg = Debug|Win32
		{DA53B107-4D5E-4FE3-8D3B-CCC7F89D64C5}.Debug|x86.Build.0 = Debug|Win32
		{DA53B107-4D5E-4FE3-8D3B-CCC7F89D64C5}.Release|x64.ActiveCfg = Release|x64
		{DA53B107-4D5E-4FE3-8D3B-CCC7F89D64C5}.Release|x64.Build.0 = Release|x64
		{DA53B107-4D5E-4FE3-8D3B-CCC7F89D64C5}.Release|x86.ActiveCfg = Release|Win32
		{DA53B107-4D5E-4FE3-8D3B-CCC7F89D64C5}.Release|x86.Build.0 = Release|Win32
		{EF487447-FCDF-45BB-8149-69F9D8143782}.Debug|x64.ActiveCfg = Debug|x64
		{EF487447-FCDF-45BB-8149-69F9D8143782}.Debug|x64.Build.0 = Debug|x64
		{EF487447-FCDF-45BB-8149-69F9D8143782}.Debug|x86.ActiveCfg = Debug|Win32
		{EF487447-FCDF-45BB-8149-69F9D8143782}.Debug|x86.Build.0 = Debug|Win32
		{EF487447-FCDF-45BB-8149-69F9D8143782}.Release|x64.ActiveCfg = Release|x64
		{EF487447-FCDF-45BB-8149-69F9D8143782}.Release|x64.Build.0 = Release|x64
		{EF487447-FCDF-45BB-8149-69F9D8143782}.Release|x86.ActiveCfg = Release|Win32
		{EF487447-FCDF-45BB-8149-69F9D8143782}.Release|x86.Build.0 = Release|Win32
	EndGlobalSection
	GlobalSection(SolutionProperties) = preSolution
		HideSolutionNode = FALSE
	EndGlobalSection
	GlobalSection(ExtensibilityGlobals) = postSolution
		SolutionGuid = {60FC2465-E367-4D1A-B8DB-76B25A21C00A}
	EndGlobalSection
EndGlobal
